
Microsoft Visual Studio Solution File, Format Version 12.00
# Visual Studio Version 17
VisualStudioVersion = 17.5.002.0
MinimumVisualStudioVersion = 10.0.40219.1
Project("{9A19103F-16F7-4668-BE54-9A1E7A4F7556}") = "DiagonalSumSquareMatrix", "DiagonalSumSquareMatrix.csproj", "{F2DDDD15-4C5C-429F-BE1E-5CDB9AEB3100}"
EndProject
Global
	GlobalSection(SolutionConfigurationPlatforms) = preSolution
		Debug|Any CPU = Debug|Any CPU
		Release|Any CPU = Release|Any CPU
	EndGlobalSection
	GlobalSection(ProjectConfigurationPlatforms) = postSolution
		{F2DDDD15-4C5C-429F-BE1E-5CDB9AEB3100}.Debug|Any CPU.ActiveCfg = Debug|Any CPU
		{F2DDDD15-4C5C-429F-BE1E-5CDB9AEB3100}.Debug|Any CPU.Build.0 = Debug|Any CPU
		{F2DDDD15-4C5C-429F-BE1E-5CDB9AEB3100}.Release|Any CPU.ActiveCfg = Release|Any CPU
		{F2DDDD15-4C5C-429F-BE1E-5CDB9AEB3100}.Release|Any CPU.Build.0 = Release|Any CPU
	EndGlobalSection
	GlobalSection(SolutionProperties) = preSolution
		HideSolutionNode = FALSE
	EndGlobalSection
	GlobalSection(ExtensibilityGlobals) = postSolution
		SolutionGuid = {39DCF6F3-9F58-4177-BE0E-4C9F4F255390}
	EndGlobalSection
EndGlobal
