
Microsoft Visual Studio Solution File, Format Version 12.00
# Visual Studio Version 17
VisualStudioVersion = 17.5.002.0
MinimumVisualStudioVersion = 10.0.40219.1
Project("{9A19103F-16F7-4668-BE54-9A1E7A4F7556}") = "MinValueMethod", "MinValueMethod.csproj", "{48C58FD3-A1A1-4506-B079-CB0F1562B950}"
EndProject
Global
	GlobalSection(SolutionConfigurationPlatforms) = preSolution
		Debug|Any CPU = Debug|Any CPU
		Release|Any CPU = Release|Any CPU
	EndGlobalSection
	GlobalSection(ProjectConfigurationPlatforms) = postSolution
		{48C58FD3-A1A1-4506-B079-CB0F1562B950}.Debug|Any CPU.ActiveCfg = Debug|Any CPU
		{48C58FD3-A1A1-4506-B079-CB0F1562B950}.Debug|Any CPU.Build.0 = Debug|Any CPU
		{48C58FD3-A1A1-4506-B079-CB0F1562B950}.Release|Any CPU.ActiveCfg = Release|Any CPU
		{48C58FD3-A1A1-4506-B079-CB0F1562B950}.Release|Any CPU.Build.0 = Release|Any CPU
	EndGlobalSection
	GlobalSection(SolutionProperties) = preSolution
		HideSolutionNode = FALSE
	EndGlobalSection
	GlobalSection(ExtensibilityGlobals) = postSolution
		SolutionGuid = {A7F938C2-E056-4312-8964-A9F5F42C1E1F}
	EndGlobalSection
EndGlobal
