
Microsoft Visual Studio Solution File, Format Version 12.00
# Visual Studio Version 17
VisualStudioVersion = 17.9.34728.123
MinimumVisualStudioVersion = 10.0.40219.1
Project("{FAE04EC0-301F-11D3-BF4B-00C04F79EFBC}") = "IResizable", "IResizable\IResizable.csproj", "{45612590-DA60-4137-B68D-BA1626F8B83E}"
EndProject
Global
	GlobalSection(SolutionConfigurationPlatforms) = preSolution
		Debug|Any CPU = Debug|Any CPU
		Release|Any CPU = Release|Any CPU
	EndGlobalSection
	GlobalSection(ProjectConfigurationPlatforms) = postSolution
		{45612590-DA60-4137-B68D-BA1626F8B83E}.Debug|Any CPU.ActiveCfg = Debug|Any CPU
		{45612590-DA60-4137-B68D-BA1626F8B83E}.Debug|Any CPU.Build.0 = Debug|Any CPU
		{45612590-DA60-4137-B68D-BA1626F8B83E}.Release|Any CPU.ActiveCfg = Release|Any CPU
		{45612590-DA60-4137-B68D-BA1626F8B83E}.Release|Any CPU.Build.0 = Release|Any CPU
	EndGlobalSection
	GlobalSection(SolutionProperties) = preSolution
		HideSolutionNode = FALSE
	EndGlobalSection
	GlobalSection(ExtensibilityGlobals) = postSolution
		SolutionGuid = {23698019-277F-4CCA-92D6-B8DC4F103D1A}
	EndGlobalSection
EndGlobal
