
Microsoft Visual Studio Solution File, Format Version 12.00
# Visual Studio Version 17
VisualStudioVersion = 17.8.34408.163
MinimumVisualStudioVersion = 10.0.40219.1
Project("{FAE04EC0-301F-11D3-BF4B-00C04F79EFBC}") = "TimesAppeared", "TimesAppeared\TimesAppeared.csproj", "{374BF2B9-425F-46CF-A8F2-0B54D04B5523}"
EndProject
Global
	GlobalSection(SolutionConfigurationPlatforms) = preSolution
		Debug|Any CPU = Debug|Any CPU
		Release|Any CPU = Release|Any CPU
	EndGlobalSection
	GlobalSection(ProjectConfigurationPlatforms) = postSolution
		{374BF2B9-425F-46CF-A8F2-0B54D04B5523}.Debug|Any CPU.ActiveCfg = Debug|Any CPU
		{374BF2B9-425F-46CF-A8F2-0B54D04B5523}.Debug|Any CPU.Build.0 = Debug|Any CPU
		{374BF2B9-425F-46CF-A8F2-0B54D04B5523}.Release|Any CPU.ActiveCfg = Release|Any CPU
		{374BF2B9-425F-46CF-A8F2-0B54D04B5523}.Release|Any CPU.Build.0 = Release|Any CPU
	EndGlobalSection
	GlobalSection(SolutionProperties) = preSolution
		HideSolutionNode = FALSE
	EndGlobalSection
	GlobalSection(ExtensibilityGlobals) = postSolution
		SolutionGuid = {9D6DF16B-E3C8-4E96-AD1D-78082F9B00C9}
	EndGlobalSection
EndGlobal
