
Microsoft Visual Studio Solution File, Format Version 12.00
# Visual Studio Version 17
VisualStudioVersion = 17.5.002.0
MinimumVisualStudioVersion = 10.0.40219.1
Project("{9A19103F-16F7-4668-BE54-9A1E7A4F7556}") = "CurrencyConversion", "CurrencyConversion.csproj", "{A270EDA8-D627-406C-81F8-31D96CDA74DC}"
EndProject
Global
	GlobalSection(SolutionConfigurationPlatforms) = preSolution
		Debug|Any CPU = Debug|Any CPU
		Release|Any CPU = Release|Any CPU
	EndGlobalSection
	GlobalSection(ProjectConfigurationPlatforms) = postSolution
		{A270EDA8-D627-406C-81F8-31D96CDA74DC}.Debug|Any CPU.ActiveCfg = Debug|Any CPU
		{A270EDA8-D627-406C-81F8-31D96CDA74DC}.Debug|Any CPU.Build.0 = Debug|Any CPU
		{A270EDA8-D627-406C-81F8-31D96CDA74DC}.Release|Any CPU.ActiveCfg = Release|Any CPU
		{A270EDA8-D627-406C-81F8-31D96CDA74DC}.Release|Any CPU.Build.0 = Release|Any CPU
	EndGlobalSection
	GlobalSection(SolutionProperties) = preSolution
		HideSolutionNode = FALSE
	EndGlobalSection
	GlobalSection(ExtensibilityGlobals) = postSolution
		SolutionGuid = {3CF023F1-A398-42D1-B086-60636F19FEFF}
	EndGlobalSection
EndGlobal
