
Microsoft Visual Studio Solution File, Format Version 12.00
# Visual Studio Version 17
VisualStudioVersion = 17.9.34728.123
MinimumVisualStudioVersion = 10.0.40219.1
Project("{FAE04EC0-301F-11D3-BF4B-00C04F79EFBC}") = "CircleAndCylinderClass", "CircleAndCylinderClass\CircleAndCylinderClass.csproj", "{3FDBD07E-BFDA-427A-A76B-2BDA3E6C0FE9}"
EndProject
Global
	GlobalSection(SolutionConfigurationPlatforms) = preSolution
		Debug|Any CPU = Debug|Any CPU
		Release|Any CPU = Release|Any CPU
	EndGlobalSection
	GlobalSection(ProjectConfigurationPlatforms) = postSolution
		{3FDBD07E-BFDA-427A-A76B-2BDA3E6C0FE9}.Debug|Any CPU.ActiveCfg = Debug|Any CPU
		{3FDBD07E-BFDA-427A-A76B-2BDA3E6C0FE9}.Debug|Any CPU.Build.0 = Debug|Any CPU
		{3FDBD07E-BFDA-427A-A76B-2BDA3E6C0FE9}.Release|Any CPU.ActiveCfg = Release|Any CPU
		{3FDBD07E-BFDA-427A-A76B-2BDA3E6C0FE9}.Release|Any CPU.Build.0 = Release|Any CPU
	EndGlobalSection
	GlobalSection(SolutionProperties) = preSolution
		HideSolutionNode = FALSE
	EndGlobalSection
	GlobalSection(ExtensibilityGlobals) = postSolution
		SolutionGuid = {7FCA1CEC-0461-48AE-BDD9-D9F6232E0913}
	EndGlobalSection
EndGlobal
