
Microsoft Visual Studio Solution File, Format Version 12.00
# Visual Studio Version 17
VisualStudioVersion = 17.8.34408.163
MinimumVisualStudioVersion = 10.0.40219.1
Project("{FAE04EC0-301F-11D3-BF4B-00C04F79EFBC}") = "Buoi1_NgonNguCSharp", "Buoi1_NgonNguCSharp\Buoi1_NgonNguCSharp.csproj", "{BC374E51-9D59-4678-BCF1-24F937E88B3F}"
EndProject
Global
	GlobalSection(SolutionConfigurationPlatforms) = preSolution
		Debug|Any CPU = Debug|Any CPU
		Release|Any CPU = Release|Any CPU
	EndGlobalSection
	GlobalSection(ProjectConfigurationPlatforms) = postSolution
		{BC374E51-9D59-4678-BCF1-24F937E88B3F}.Debug|Any CPU.ActiveCfg = Debug|Any CPU
		{BC374E51-9D59-4678-BCF1-24F937E88B3F}.Debug|Any CPU.Build.0 = Debug|Any CPU
		{BC374E51-9D59-4678-BCF1-24F937E88B3F}.Release|Any CPU.ActiveCfg = Release|Any CPU
		{BC374E51-9D59-4678-BCF1-24F937E88B3F}.Release|Any CPU.Build.0 = Release|Any CPU
	EndGlobalSection
	GlobalSection(SolutionProperties) = preSolution
		HideSolutionNode = FALSE
	EndGlobalSection
	GlobalSection(ExtensibilityGlobals) = postSolution
		SolutionGuid = {18CA9342-FFE5-4B2B-8C59-022D7E23E4A1}
	EndGlobalSection
EndGlobal
