
Microsoft Visual Studio Solution File, Format Version 12.00
# Visual Studio Version 17
VisualStudioVersion = 17.9.34728.123
MinimumVisualStudioVersion = 10.0.40219.1
Project("{FAE04EC0-301F-11D3-BF4B-00C04F79EFBC}") = "Shapes", "Shapes\Shapes.csproj", "{6738D2E0-49FD-4B16-A38D-3F63AD1C19B7}"
EndProject
Global
	GlobalSection(SolutionConfigurationPlatforms) = preSolution
		Debug|Any CPU = Debug|Any CPU
		Release|Any CPU = Release|Any CPU
	EndGlobalSection
	GlobalSection(ProjectConfigurationPlatforms) = postSolution
		{6738D2E0-49FD-4B16-A38D-3F63AD1C19B7}.Debug|Any CPU.ActiveCfg = Debug|Any CPU
		{6738D2E0-49FD-4B16-A38D-3F63AD1C19B7}.Debug|Any CPU.Build.0 = Debug|Any CPU
		{6738D2E0-49FD-4B16-A38D-3F63AD1C19B7}.Release|Any CPU.ActiveCfg = Release|Any CPU
		{6738D2E0-49FD-4B16-A38D-3F63AD1C19B7}.Release|Any CPU.Build.0 = Release|Any CPU
	EndGlobalSection
	GlobalSection(SolutionProperties) = preSolution
		HideSolutionNode = FALSE
	EndGlobalSection
	GlobalSection(ExtensibilityGlobals) = postSolution
		SolutionGuid = {97DAF46D-C907-490A-AE67-8353F62334B5}
	EndGlobalSection
EndGlobal
