
Microsoft Visual Studio Solution File, Format Version 12.00
# Visual Studio Version 17
VisualStudioVersion = 17.5.002.0
MinimumVisualStudioVersion = 10.0.40219.1
Project("{9A19103F-16F7-4668-BE54-9A1E7A4F7556}") = "MineSweeper", "MineSweeper.csproj", "{0AE4C3AD-8EB5-428A-9664-2FC83AA601E4}"
EndProject
Global
	GlobalSection(SolutionConfigurationPlatforms) = preSolution
		Debug|Any CPU = Debug|Any CPU
		Release|Any CPU = Release|Any CPU
	EndGlobalSection
	GlobalSection(ProjectConfigurationPlatforms) = postSolution
		{0AE4C3AD-8EB5-428A-9664-2FC83AA601E4}.Debug|Any CPU.ActiveCfg = Debug|Any CPU
		{0AE4C3AD-8EB5-428A-9664-2FC83AA601E4}.Debug|Any CPU.Build.0 = Debug|Any CPU
		{0AE4C3AD-8EB5-428A-9664-2FC83AA601E4}.Release|Any CPU.ActiveCfg = Release|Any CPU
		{0AE4C3AD-8EB5-428A-9664-2FC83AA601E4}.Release|Any CPU.Build.0 = Release|Any CPU
	EndGlobalSection
	GlobalSection(SolutionProperties) = preSolution
		HideSolutionNode = FALSE
	EndGlobalSection
	GlobalSection(ExtensibilityGlobals) = postSolution
		SolutionGuid = {99DA1204-5689-445D-B5CC-6AB31D671C6A}
	EndGlobalSection
EndGlobal
