
Microsoft Visual Studio Solution File, Format Version 12.00
# Visual Studio Version 17
VisualStudioVersion = 17.5.002.0
MinimumVisualStudioVersion = 10.0.40219.1
Project("{9A19103F-16F7-4668-BE54-9A1E7A4F7556}") = "ShapesPrinter", "ShapesPrinter.csproj", "{CCD4DC5B-3E81-4B10-82E4-1BE1FDEA1877}"
EndProject
Global
	GlobalSection(SolutionConfigurationPlatforms) = preSolution
		Debug|Any CPU = Debug|Any CPU
		Release|Any CPU = Release|Any CPU
	EndGlobalSection
	GlobalSection(ProjectConfigurationPlatforms) = postSolution
		{CCD4DC5B-3E81-4B10-82E4-1BE1FDEA1877}.Debug|Any CPU.ActiveCfg = Debug|Any CPU
		{CCD4DC5B-3E81-4B10-82E4-1BE1FDEA1877}.Debug|Any CPU.Build.0 = Debug|Any CPU
		{CCD4DC5B-3E81-4B10-82E4-1BE1FDEA1877}.Release|Any CPU.ActiveCfg = Release|Any CPU
		{CCD4DC5B-3E81-4B10-82E4-1BE1FDEA1877}.Release|Any CPU.Build.0 = Release|Any CPU
	EndGlobalSection
	GlobalSection(SolutionProperties) = preSolution
		HideSolutionNode = FALSE
	EndGlobalSection
	GlobalSection(ExtensibilityGlobals) = postSolution
		SolutionGuid = {88564C93-C2F7-4D32-B0A5-AF8BCD0B0CD9}
	EndGlobalSection
EndGlobal
